
Microsoft Visual Studio Solution File, Format Version 12.00
# Visual Studio Version 17
VisualStudioVersion = 17.8.34322.80
MinimumVisualStudioVersion = 10.0.40219.1
Project("{FAE04EC0-301F-11D3-BF4B-00C04F79EFBC}") = "ASM1670", "ASM1670\ASM1670.csproj", "{94B3E1A3-9715-490C-9F8C-52A810DB5C0A}"
EndProject
Global
	GlobalSection(SolutionConfigurationPlatforms) = preSolution
		Debug|Any CPU = Debug|Any CPU
		Release|Any CPU = Release|Any CPU
	EndGlobalSection
	GlobalSection(ProjectConfigurationPlatforms) = postSolution
		{94B3E1A3-9715-490C-9F8C-52A810DB5C0A}.Debug|Any CPU.ActiveCfg = Debug|Any CPU
		{94B3E1A3-9715-490C-9F8C-52A810DB5C0A}.Debug|Any CPU.Build.0 = Debug|Any CPU
		{94B3E1A3-9715-490C-9F8C-52A810DB5C0A}.Release|Any CPU.ActiveCfg = Release|Any CPU
		{94B3E1A3-9715-490C-9F8C-52A810DB5C0A}.Release|Any CPU.Build.0 = Release|Any CPU
	EndGlobalSection
	GlobalSection(SolutionProperties) = preSolution
		HideSolutionNode = FALSE
	EndGlobalSection
	GlobalSection(ExtensibilityGlobals) = postSolution
		SolutionGuid = {6167217D-F1F3-4A2B-A227-306BFD7F8A10}
	EndGlobalSection
EndGlobal
